// !$*UTF8*$!
{
	archiveVersion = 1;
	classes = {
	};
	objectVersion = 46;
	objects = {

/* Begin PBXBuildFile section */
		B503505F1CD8F86C0008B80B /* Article.m in Sources */ = {isa = PBXBuildFile; fileRef = B503505E1CD8F86C0008B80B /* Article.m */; };
		B50350621CD903920008B80B /* ArticleDetailViewController.m in Sources */ = {isa = PBXBuildFile; fileRef = B50350611CD903920008B80B /* ArticleDetailViewController.m */; };
		B507A0041CB2287A0028504C /* main.m in Sources */ = {isa = PBXBuildFile; fileRef = B507A0031CB2287A0028504C /* main.m */; };
		B507A0071CB2287A0028504C /* AppDelegate.m in Sources */ = {isa = PBXBuildFile; fileRef = B507A0061CB2287A0028504C /* AppDelegate.m */; };
		B507A00D1CB2287A0028504C /* Main.storyboard in Resources */ = {isa = PBXBuildFile; fileRef = B507A00B1CB2287A0028504C /* Main.storyboard */; };
		B507A0101CB2287A0028504C /* SafeNightOut.xcdatamodeld in Sources */ = {isa = PBXBuildFile; fileRef = B507A00E1CB2287A0028504C /* SafeNightOut.xcdatamodeld */; };
		B507A0121CB2287A0028504C /* Assets.xcassets in Resources */ = {isa = PBXBuildFile; fileRef = B507A0111CB2287A0028504C /* Assets.xcassets */; };
		B507A0151CB2287A0028504C /* LaunchScreen.storyboard in Resources */ = {isa = PBXBuildFile; fileRef = B507A0131CB2287A0028504C /* LaunchScreen.storyboard */; };
		B507A0201CB2287B0028504C /* SafeNightOutTests.m in Sources */ = {isa = PBXBuildFile; fileRef = B507A01F1CB2287B0028504C /* SafeNightOutTests.m */; };
		B507A02B1CB2287B0028504C /* SafeNightOutUITests.m in Sources */ = {isa = PBXBuildFile; fileRef = B507A02A1CB2287B0028504C /* SafeNightOutUITests.m */; };
		B507A04D1CB229DC0028504C /* MapViewController.m in Sources */ = {isa = PBXBuildFile; fileRef = B507A04C1CB229DC0028504C /* MapViewController.m */; };
		B507A0501CB229E60028504C /* SafetyViewController.m in Sources */ = {isa = PBXBuildFile; fileRef = B507A04F1CB229E60028504C /* SafetyViewController.m */; };
		B507A0531CB22ADC0028504C /* BACViewController.m in Sources */ = {isa = PBXBuildFile; fileRef = B507A0521CB22ADC0028504C /* BACViewController.m */; };
		B507A0561CB22AF00028504C /* LocationSearchTableViewController.m in Sources */ = {isa = PBXBuildFile; fileRef = B507A0551CB22AF00028504C /* LocationSearchTableViewController.m */; };
		B507A05A1CB22B480028504C /* CustomAnnotation.m in Sources */ = {isa = PBXBuildFile; fileRef = B507A0591CB22B480028504C /* CustomAnnotation.m */; };
		B507A05D1CB22B580028504C /* StopAnnotation.m in Sources */ = {isa = PBXBuildFile; fileRef = B507A05C1CB22B580028504C /* StopAnnotation.m */; };
		B507A0601CB22B680028504C /* PTVTableViewController.m in Sources */ = {isa = PBXBuildFile; fileRef = B507A05F1CB22B680028504C /* PTVTableViewController.m */; };
		B507A07F1CB234B20028504C /* UIViewController+AMSlideMenu.m in Sources */ = {isa = PBXBuildFile; fileRef = B507A0701CB234B20028504C /* UIViewController+AMSlideMenu.m */; };
		B507A0801CB234B20028504C /* AMSlideMenuRightTableViewController.m in Sources */ = {isa = PBXBuildFile; fileRef = B507A0721CB234B20028504C /* AMSlideMenuRightTableViewController.m */; };
		B507A0811CB234B20028504C /* AMSlideMenuRightMenuSegue.m in Sources */ = {isa = PBXBuildFile; fileRef = B507A0741CB234B20028504C /* AMSlideMenuRightMenuSegue.m */; };
		B507A0821CB234B20028504C /* AMSlideMenuMainViewController.m in Sources */ = {isa = PBXBuildFile; fileRef = B507A0771CB234B20028504C /* AMSlideMenuMainViewController.m */; };
		B507A0831CB234B20028504C /* AMSlideMenuLeftTableViewController.m in Sources */ = {isa = PBXBuildFile; fileRef = B507A0791CB234B20028504C /* AMSlideMenuLeftTableViewController.m */; };
		B507A0841CB234B20028504C /* AMSlideMenuLeftMenuSegue.m in Sources */ = {isa = PBXBuildFile; fileRef = B507A07B1CB234B20028504C /* AMSlideMenuLeftMenuSegue.m */; };
		B507A0851CB234B20028504C /* AMSlideMenuContentSegue.m in Sources */ = {isa = PBXBuildFile; fileRef = B507A07D1CB234B20028504C /* AMSlideMenuContentSegue.m */; };
		B507A0871CB235B00028504C /* MapKit.framework in Frameworks */ = {isa = PBXBuildFile; fileRef = B507A0861CB235B00028504C /* MapKit.framework */; };
		B507A0B21CB4AAEE0028504C /* TimerViewController.m in Sources */ = {isa = PBXBuildFile; fileRef = B507A0B11CB4AAEE0028504C /* TimerViewController.m */; };
		B51C82601CED946E00729749 /* ExpandindCell4.xib in Resources */ = {isa = PBXBuildFile; fileRef = B51C825F1CED946E00729749 /* ExpandindCell4.xib */; };
		B543A9471CD8EB5A00C07BF0 /* HomeTableViewController.m in Sources */ = {isa = PBXBuildFile; fileRef = B543A9461CD8EB5A00C07BF0 /* HomeTableViewController.m */; };
		B57299551CC665B6005DD8AF /* SafetyMapViewController.m in Sources */ = {isa = PBXBuildFile; fileRef = B57299541CC665B6005DD8AF /* SafetyMapViewController.m */; };
		B572998D1CC684DA005DD8AF /* BarchartViewController.m in Sources */ = {isa = PBXBuildFile; fileRef = B572998C1CC684DA005DD8AF /* BarchartViewController.m */; };
		B572998F1CC71361005DD8AF /* CoreGraphics.framework in Frameworks */ = {isa = PBXBuildFile; fileRef = B572998E1CC71361005DD8AF /* CoreGraphics.framework */; };
		B57299911CC71376005DD8AF /* QuartzCore.framework in Frameworks */ = {isa = PBXBuildFile; fileRef = B57299901CC71376005DD8AF /* QuartzCore.framework */; };
		B57299961CC730BE005DD8AF /* TypeInfoViewController.m in Sources */ = {isa = PBXBuildFile; fileRef = B57299951CC730BE005DD8AF /* TypeInfoViewController.m */; };
		B5A2DA111CC50AE000E4E7FF /* SafetyDetailViewController.m in Sources */ = {isa = PBXBuildFile; fileRef = B5A2DA101CC50AE000E4E7FF /* SafetyDetailViewController.m */; };
		B5F4C6491CDDBCB600380972 /* ParallaxHeaderView.m in Sources */ = {isa = PBXBuildFile; fileRef = B5F4C6481CDDBCB600380972 /* ParallaxHeaderView.m */; };
		B5F4C64C1CDDBCF300380972 /* UIImage+ImageEffects.m in Sources */ = {isa = PBXBuildFile; fileRef = B5F4C64B1CDDBCF300380972 /* UIImage+ImageEffects.m */; };
		B5F4C6531CDDC86000380972 /* ExpandindCell.xib in Resources */ = {isa = PBXBuildFile; fileRef = B5F4C6521CDDC86000380972 /* ExpandindCell.xib */; };
		B5F4C6561CDDCE6F00380972 /* ExpandingCell.m in Sources */ = {isa = PBXBuildFile; fileRef = B5F4C6551CDDCE6F00380972 /* ExpandingCell.m */; };
		B5F4C6581CDE340E00380972 /* ExpandindCell2.xib in Resources */ = {isa = PBXBuildFile; fileRef = B5F4C6571CDE340E00380972 /* ExpandindCell2.xib */; };
		B5F4C65A1CDE344800380972 /* ExpandindCell3.xib in Resources */ = {isa = PBXBuildFile; fileRef = B5F4C6591CDE344800380972 /* ExpandindCell3.xib */; };
		B5F4C65E1CDE3B5700380972 /* ProfileViewController.m in Sources */ = {isa = PBXBuildFile; fileRef = B5F4C65D1CDE3B5700380972 /* ProfileViewController.m */; };
		B5F4C6611CDEFEC800380972 /* TestResultViewController.m in Sources */ = {isa = PBXBuildFile; fileRef = B5F4C6601CDEFEC800380972 /* TestResultViewController.m */; };
		F5F6EAB854613C2C0B13C6AA /* libPods.a in Frameworks */ = {isa = PBXBuildFile; fileRef = 367C8085C15D0F6FC74D90F5 /* libPods.a */; };
/* End PBXBuildFile section */

/* Begin PBXContainerItemProxy section */
		B507A01C1CB2287B0028504C /* PBXContainerItemProxy */ = {
			isa = PBXContainerItemProxy;
			containerPortal = B5079FF71CB2287A0028504C /* Project object */;
			proxyType = 1;
			remoteGlobalIDString = B5079FFE1CB2287A0028504C;
			remoteInfo = SafeNightOut;
		};
		B507A0271CB2287B0028504C /* PBXContainerItemProxy */ = {
			isa = PBXContainerItemProxy;
			containerPortal = B5079FF71CB2287A0028504C /* Project object */;
			proxyType = 1;
			remoteGlobalIDString = B5079FFE1CB2287A0028504C;
			remoteInfo = SafeNightOut;
		};
/* End PBXContainerItemProxy section */

/* Begin PBXFileReference section */
		367C8085C15D0F6FC74D90F5 /* libPods.a */ = {isa = PBXFileReference; explicitFileType = archive.ar; includeInIndex = 0; path = libPods.a; sourceTree = BUILT_PRODUCTS_DIR; };
		98CC08E9C9D901F804C086B5 /* Pods.debug.xcconfig */ = {isa = PBXFileReference; includeInIndex = 1; lastKnownFileType = text.xcconfig; name = Pods.debug.xcconfig; path = "Pods/Target Support Files/Pods/Pods.debug.xcconfig"; sourceTree = "<group>"; };
		AADE5FFCE2AC4103F9227DED /* Pods.release.xcconfig */ = {isa = PBXFileReference; includeInIndex = 1; lastKnownFileType = text.xcconfig; name = Pods.release.xcconfig; path = "Pods/Target Support Files/Pods/Pods.release.xcconfig"; sourceTree = "<group>"; };
		B503505D1CD8F86C0008B80B /* Article.h */ = {isa = PBXFileReference; fileEncoding = 4; lastKnownFileType = sourcecode.c.h; path = Article.h; sourceTree = "<group>"; };
		B503505E1CD8F86C0008B80B /* Article.m */ = {isa = PBXFileReference; fileEncoding = 4; lastKnownFileType = sourcecode.c.objc; path = Article.m; sourceTree = "<group>"; };
		B50350601CD903920008B80B /* ArticleDetailViewController.h */ = {isa = PBXFileReference; fileEncoding = 4; lastKnownFileType = sourcecode.c.h; path = ArticleDetailViewController.h; sourceTree = "<group>"; };
		B50350611CD903920008B80B /* ArticleDetailViewController.m */ = {isa = PBXFileReference; fileEncoding = 4; lastKnownFileType = sourcecode.c.objc; path = ArticleDetailViewController.m; sourceTree = "<group>"; };
		B5079FFF1CB2287A0028504C /* SafeNightOut.app */ = {isa = PBXFileReference; explicitFileType = wrapper.application; includeInIndex = 0; path = SafeNightOut.app; sourceTree = BUILT_PRODUCTS_DIR; };
		B507A0031CB2287A0028504C /* main.m */ = {isa = PBXFileReference; lastKnownFileType = sourcecode.c.objc; path = main.m; sourceTree = "<group>"; };
		B507A0051CB2287A0028504C /* AppDelegate.h */ = {isa = PBXFileReference; lastKnownFileType = sourcecode.c.h; path = AppDelegate.h; sourceTree = "<group>"; };
		B507A0061CB2287A0028504C /* AppDelegate.m */ = {isa = PBXFileReference; lastKnownFileType = sourcecode.c.objc; path = AppDelegate.m; sourceTree = "<group>"; };
		B507A00C1CB2287A0028504C /* Base */ = {isa = PBXFileReference; lastKnownFileType = file.storyboard; name = Base; path = Base.lproj/Main.storyboard; sourceTree = "<group>"; };
		B507A00F1CB2287A0028504C /* SafeNightOut.xcdatamodel */ = {isa = PBXFileReference; lastKnownFileType = wrapper.xcdatamodel; path = SafeNightOut.xcdatamodel; sourceTree = "<group>"; };
		B507A0111CB2287A0028504C /* Assets.xcassets */ = {isa = PBXFileReference; lastKnownFileType = folder.assetcatalog; path = Assets.xcassets; sourceTree = "<group>"; };
		B507A0141CB2287A0028504C /* Base */ = {isa = PBXFileReference; lastKnownFileType = file.storyboard; name = Base; path = Base.lproj/LaunchScreen.storyboard; sourceTree = "<group>"; };
		B507A0161CB2287A0028504C /* Info.plist */ = {isa = PBXFileReference; lastKnownFileType = text.plist.xml; path = Info.plist; sourceTree = "<group>"; };
		B507A01B1CB2287B0028504C /* SafeNightOutTests.xctest */ = {isa = PBXFileReference; explicitFileType = wrapper.cfbundle; includeInIndex = 0; path = SafeNightOutTests.xctest; sourceTree = BUILT_PRODUCTS_DIR; };
		B507A01F1CB2287B0028504C /* SafeNightOutTests.m */ = {isa = PBXFileReference; lastKnownFileType = sourcecode.c.objc; path = SafeNightOutTests.m; sourceTree = "<group>"; };
		B507A0211CB2287B0028504C /* Info.plist */ = {isa = PBXFileReference; lastKnownFileType = text.plist.xml; path = Info.plist; sourceTree = "<group>"; };
		B507A0261CB2287B0028504C /* SafeNightOutUITests.xctest */ = {isa = PBXFileReference; explicitFileType = wrapper.cfbundle; includeInIndex = 0; path = SafeNightOutUITests.xctest; sourceTree = BUILT_PRODUCTS_DIR; };
		B507A02A1CB2287B0028504C /* SafeNightOutUITests.m */ = {isa = PBXFileReference; lastKnownFileType = sourcecode.c.objc; path = SafeNightOutUITests.m; sourceTree = "<group>"; };
		B507A02C1CB2287B0028504C /* Info.plist */ = {isa = PBXFileReference; lastKnownFileType = text.plist.xml; path = Info.plist; sourceTree = "<group>"; };
		B507A04B1CB229DC0028504C /* MapViewController.h */ = {isa = PBXFileReference; fileEncoding = 4; lastKnownFileType = sourcecode.c.h; path = MapViewController.h; sourceTree = "<group>"; };
		B507A04C1CB229DC0028504C /* MapViewController.m */ = {isa = PBXFileReference; fileEncoding = 4; lastKnownFileType = sourcecode.c.objc; path = MapViewController.m; sourceTree = "<group>"; };
		B507A04E1CB229E60028504C /* SafetyViewController.h */ = {isa = PBXFileReference; fileEncoding = 4; lastKnownFileType = sourcecode.c.h; path = SafetyViewController.h; sourceTree = "<group>"; };
		B507A04F1CB229E60028504C /* SafetyViewController.m */ = {isa = PBXFileReference; fileEncoding = 4; lastKnownFileType = sourcecode.c.objc; path = SafetyViewController.m; sourceTree = "<group>"; };
		B507A0511CB22ADC0028504C /* BACViewController.h */ = {isa = PBXFileReference; fileEncoding = 4; lastKnownFileType = sourcecode.c.h; path = BACViewController.h; sourceTree = "<group>"; };
		B507A0521CB22ADC0028504C /* BACViewController.m */ = {isa = PBXFileReference; fileEncoding = 4; lastKnownFileType = sourcecode.c.objc; path = BACViewController.m; sourceTree = "<group>"; };
		B507A0541CB22AF00028504C /* LocationSearchTableViewController.h */ = {isa = PBXFileReference; fileEncoding = 4; lastKnownFileType = sourcecode.c.h; path = LocationSearchTableViewController.h; sourceTree = "<group>"; };
		B507A0551CB22AF00028504C /* LocationSearchTableViewController.m */ = {isa = PBXFileReference; fileEncoding = 4; lastKnownFileType = sourcecode.c.objc; path = LocationSearchTableViewController.m; sourceTree = "<group>"; };
		B507A0571CB22B280028504C /* AMSlideMenuWithoutStoryboard-Prefix.pch */ = {isa = PBXFileReference; fileEncoding = 4; lastKnownFileType = sourcecode.c.h; path = "AMSlideMenuWithoutStoryboard-Prefix.pch"; sourceTree = "<group>"; };
		B507A0581CB22B480028504C /* CustomAnnotation.h */ = {isa = PBXFileReference; fileEncoding = 4; lastKnownFileType = sourcecode.c.h; path = CustomAnnotation.h; sourceTree = "<group>"; };
		B507A0591CB22B480028504C /* CustomAnnotation.m */ = {isa = PBXFileReference; fileEncoding = 4; lastKnownFileType = sourcecode.c.objc; path = CustomAnnotation.m; sourceTree = "<group>"; };
		B507A05B1CB22B580028504C /* StopAnnotation.h */ = {isa = PBXFileReference; fileEncoding = 4; lastKnownFileType = sourcecode.c.h; path = StopAnnotation.h; sourceTree = "<group>"; };
		B507A05C1CB22B580028504C /* StopAnnotation.m */ = {isa = PBXFileReference; fileEncoding = 4; lastKnownFileType = sourcecode.c.objc; path = StopAnnotation.m; sourceTree = "<group>"; };
		B507A05E1CB22B680028504C /* PTVTableViewController.h */ = {isa = PBXFileReference; fileEncoding = 4; lastKnownFileType = sourcecode.c.h; path = PTVTableViewController.h; sourceTree = "<group>"; };
		B507A05F1CB22B680028504C /* PTVTableViewController.m */ = {isa = PBXFileReference; fileEncoding = 4; lastKnownFileType = sourcecode.c.objc; path = PTVTableViewController.m; sourceTree = "<group>"; };
		B507A0701CB234B20028504C /* UIViewController+AMSlideMenu.m */ = {isa = PBXFileReference; fileEncoding = 4; lastKnownFileType = sourcecode.c.objc; path = "UIViewController+AMSlideMenu.m"; sourceTree = "<group>"; };
		B507A0711CB234B20028504C /* UIViewController+AMSlideMenu.h */ = {isa = PBXFileReference; fileEncoding = 4; lastKnownFileType = sourcecode.c.h; path = "UIViewController+AMSlideMenu.h"; sourceTree = "<group>"; };
		B507A0721CB234B20028504C /* AMSlideMenuRightTableViewController.m */ = {isa = PBXFileReference; fileEncoding = 4; lastKnownFileType = sourcecode.c.objc; path = AMSlideMenuRightTableViewController.m; sourceTree = "<group>"; };
		B507A0731CB234B20028504C /* AMSlideMenuRightTableViewController.h */ = {isa = PBXFileReference; fileEncoding = 4; lastKnownFileType = sourcecode.c.h; path = AMSlideMenuRightTableViewController.h; sourceTree = "<group>"; };
		B507A0741CB234B20028504C /* AMSlideMenuRightMenuSegue.m */ = {isa = PBXFileReference; fileEncoding = 4; lastKnownFileType = sourcecode.c.objc; path = AMSlideMenuRightMenuSegue.m; sourceTree = "<group>"; };
		B507A0751CB234B20028504C /* AMSlideMenuRightMenuSegue.h */ = {isa = PBXFileReference; fileEncoding = 4; lastKnownFileType = sourcecode.c.h; path = AMSlideMenuRightMenuSegue.h; sourceTree = "<group>"; };
		B507A0761CB234B20028504C /* AMSlideMenuProtocols.h */ = {isa = PBXFileReference; fileEncoding = 4; lastKnownFileType = sourcecode.c.h; path = AMSlideMenuProtocols.h; sourceTree = "<group>"; };
		B507A0771CB234B20028504C /* AMSlideMenuMainViewController.m */ = {isa = PBXFileReference; fileEncoding = 4; lastKnownFileType = sourcecode.c.objc; path = AMSlideMenuMainViewController.m; sourceTree = "<group>"; };
		B507A0781CB234B20028504C /* AMSlideMenuMainViewController.h */ = {isa = PBXFileReference; fileEncoding = 4; lastKnownFileType = sourcecode.c.h; path = AMSlideMenuMainViewController.h; sourceTree = "<group>"; };
		B507A0791CB234B20028504C /* AMSlideMenuLeftTableViewController.m */ = {isa = PBXFileReference; fileEncoding = 4; lastKnownFileType = sourcecode.c.objc; path = AMSlideMenuLeftTableViewController.m; sourceTree = "<group>"; };
		B507A07A1CB234B20028504C /* AMSlideMenuLeftTableViewController.h */ = {isa = PBXFileReference; fileEncoding = 4; lastKnownFileType = sourcecode.c.h; path = AMSlideMenuLeftTableViewController.h; sourceTree = "<group>"; };
		B507A07B1CB234B20028504C /* AMSlideMenuLeftMenuSegue.m */ = {isa = PBXFileReference; fileEncoding = 4; lastKnownFileType = sourcecode.c.objc; path = AMSlideMenuLeftMenuSegue.m; sourceTree = "<group>"; };
		B507A07C1CB234B20028504C /* AMSlideMenuLeftMenuSegue.h */ = {isa = PBXFileReference; fileEncoding = 4; lastKnownFileType = sourcecode.c.h; path = AMSlideMenuLeftMenuSegue.h; sourceTree = "<group>"; };
		B507A07D1CB234B20028504C /* AMSlideMenuContentSegue.m */ = {isa = PBXFileReference; fileEncoding = 4; lastKnownFileType = sourcecode.c.objc; path = AMSlideMenuContentSegue.m; sourceTree = "<group>"; };
		B507A07E1CB234B20028504C /* AMSlideMenuContentSegue.h */ = {isa = PBXFileReference; fileEncoding = 4; lastKnownFileType = sourcecode.c.h; path = AMSlideMenuContentSegue.h; sourceTree = "<group>"; };
		B507A0861CB235B00028504C /* MapKit.framework */ = {isa = PBXFileReference; lastKnownFileType = wrapper.framework; name = MapKit.framework; path = System/Library/Frameworks/MapKit.framework; sourceTree = SDKROOT; };
		B507A0B01CB4AAEE0028504C /* TimerViewController.h */ = {isa = PBXFileReference; fileEncoding = 4; lastKnownFileType = sourcecode.c.h; path = TimerViewController.h; sourceTree = "<group>"; };
		B507A0B11CB4AAEE0028504C /* TimerViewController.m */ = {isa = PBXFileReference; fileEncoding = 4; lastKnownFileType = sourcecode.c.objc; path = TimerViewController.m; sourceTree = "<group>"; };
		B51C825F1CED946E00729749 /* ExpandindCell4.xib */ = {isa = PBXFileReference; fileEncoding = 4; lastKnownFileType = file.xib; path = ExpandindCell4.xib; sourceTree = "<group>"; };
		B543A9451CD8EB5A00C07BF0 /* HomeTableViewController.h */ = {isa = PBXFileReference; fileEncoding = 4; lastKnownFileType = sourcecode.c.h; path = HomeTableViewController.h; sourceTree = "<group>"; };
		B543A9461CD8EB5A00C07BF0 /* HomeTableViewController.m */ = {isa = PBXFileReference; fileEncoding = 4; lastKnownFileType = sourcecode.c.objc; path = HomeTableViewController.m; sourceTree = "<group>"; };
		B57299531CC665B6005DD8AF /* SafetyMapViewController.h */ = {isa = PBXFileReference; fileEncoding = 4; lastKnownFileType = sourcecode.c.h; path = SafetyMapViewController.h; sourceTree = "<group>"; };
		B57299541CC665B6005DD8AF /* SafetyMapViewController.m */ = {isa = PBXFileReference; fileEncoding = 4; lastKnownFileType = sourcecode.c.objc; path = SafetyMapViewController.m; sourceTree = "<group>"; };
		B572998B1CC684DA005DD8AF /* BarchartViewController.h */ = {isa = PBXFileReference; fileEncoding = 4; lastKnownFileType = sourcecode.c.h; path = BarchartViewController.h; sourceTree = "<group>"; };
		B572998C1CC684DA005DD8AF /* BarchartViewController.m */ = {isa = PBXFileReference; fileEncoding = 4; lastKnownFileType = sourcecode.c.objc; path = BarchartViewController.m; sourceTree = "<group>"; };
		B572998E1CC71361005DD8AF /* CoreGraphics.framework */ = {isa = PBXFileReference; lastKnownFileType = wrapper.framework; name = CoreGraphics.framework; path = System/Library/Frameworks/CoreGraphics.framework; sourceTree = SDKROOT; };
		B57299901CC71376005DD8AF /* QuartzCore.framework */ = {isa = PBXFileReference; lastKnownFileType = wrapper.framework; name = QuartzCore.framework; path = System/Library/Frameworks/QuartzCore.framework; sourceTree = SDKROOT; };
		B57299941CC730BE005DD8AF /* TypeInfoViewController.h */ = {isa = PBXFileReference; fileEncoding = 4; lastKnownFileType = sourcecode.c.h; path = TypeInfoViewController.h; sourceTree = "<group>"; };
		B57299951CC730BE005DD8AF /* TypeInfoViewController.m */ = {isa = PBXFileReference; fileEncoding = 4; lastKnownFileType = sourcecode.c.objc; path = TypeInfoViewController.m; sourceTree = "<group>"; };
		B5A2DA0F1CC50AE000E4E7FF /* SafetyDetailViewController.h */ = {isa = PBXFileReference; fileEncoding = 4; lastKnownFileType = sourcecode.c.h; path = SafetyDetailViewController.h; sourceTree = "<group>"; };
		B5A2DA101CC50AE000E4E7FF /* SafetyDetailViewController.m */ = {isa = PBXFileReference; fileEncoding = 4; lastKnownFileType = sourcecode.c.objc; path = SafetyDetailViewController.m; sourceTree = "<group>"; };
		B5F4C6471CDDBCB600380972 /* ParallaxHeaderView.h */ = {isa = PBXFileReference; fileEncoding = 4; lastKnownFileType = sourcecode.c.h; path = ParallaxHeaderView.h; sourceTree = "<group>"; };
		B5F4C6481CDDBCB600380972 /* ParallaxHeaderView.m */ = {isa = PBXFileReference; fileEncoding = 4; lastKnownFileType = sourcecode.c.objc; path = ParallaxHeaderView.m; sourceTree = "<group>"; };
		B5F4C64A1CDDBCF300380972 /* UIImage+ImageEffects.h */ = {isa = PBXFileReference; fileEncoding = 4; lastKnownFileType = sourcecode.c.h; path = "UIImage+ImageEffects.h"; sourceTree = "<group>"; };
		B5F4C64B1CDDBCF300380972 /* UIImage+ImageEffects.m */ = {isa = PBXFileReference; fileEncoding = 4; lastKnownFileType = sourcecode.c.objc; path = "UIImage+ImageEffects.m"; sourceTree = "<group>"; };
		B5F4C6521CDDC86000380972 /* ExpandindCell.xib */ = {isa = PBXFileReference; fileEncoding = 4; lastKnownFileType = file.xib; path = ExpandindCell.xib; sourceTree = "<group>"; };
		B5F4C6541CDDCE6F00380972 /* ExpandingCell.h */ = {isa = PBXFileReference; fileEncoding = 4; lastKnownFileType = sourcecode.c.h; path = ExpandingCell.h; sourceTree = "<group>"; };
		B5F4C6551CDDCE6F00380972 /* ExpandingCell.m */ = {isa = PBXFileReference; fileEncoding = 4; lastKnownFileType = sourcecode.c.objc; path = ExpandingCell.m; sourceTree = "<group>"; };
		B5F4C6571CDE340E00380972 /* ExpandindCell2.xib */ = {isa = PBXFileReference; fileEncoding = 4; lastKnownFileType = file.xib; path = ExpandindCell2.xib; sourceTree = "<group>"; };
		B5F4C6591CDE344800380972 /* ExpandindCell3.xib */ = {isa = PBXFileReference; fileEncoding = 4; lastKnownFileType = file.xib; path = ExpandindCell3.xib; sourceTree = "<group>"; };
		B5F4C65C1CDE3B5700380972 /* ProfileViewController.h */ = {isa = PBXFileReference; fileEncoding = 4; lastKnownFileType = sourcecode.c.h; path = ProfileViewController.h; sourceTree = "<group>"; };
		B5F4C65D1CDE3B5700380972 /* ProfileViewController.m */ = {isa = PBXFileReference; fileEncoding = 4; lastKnownFileType = sourcecode.c.objc; path = ProfileViewController.m; sourceTree = "<group>"; };
		B5F4C65F1CDEFEC800380972 /* TestResultViewController.h */ = {isa = PBXFileReference; fileEncoding = 4; lastKnownFileType = sourcecode.c.h; path = TestResultViewController.h; sourceTree = "<group>"; };
		B5F4C6601CDEFEC800380972 /* TestResultViewController.m */ = {isa = PBXFileReference; fileEncoding = 4; lastKnownFileType = sourcecode.c.objc; path = TestResultViewController.m; sourceTree = "<group>"; };
/* End PBXFileReference section */

/* Begin PBXFrameworksBuildPhase section */
		B5079FFC1CB2287A0028504C /* Frameworks */ = {
			isa = PBXFrameworksBuildPhase;
			buildActionMask = 2147483647;
			files = (
				B57299911CC71376005DD8AF /* QuartzCore.framework in Frameworks */,
				B572998F1CC71361005DD8AF /* CoreGraphics.framework in Frameworks */,
				B507A0871CB235B00028504C /* MapKit.framework in Frameworks */,
				F5F6EAB854613C2C0B13C6AA /* libPods.a in Frameworks */,
			);
			runOnlyForDeploymentPostprocessing = 0;
		};
		B507A0181CB2287B0028504C /* Frameworks */ = {
			isa = PBXFrameworksBuildPhase;
			buildActionMask = 2147483647;
			files = (
			);
			runOnlyForDeploymentPostprocessing = 0;
		};
		B507A0231CB2287B0028504C /* Frameworks */ = {
			isa = PBXFrameworksBuildPhase;
			buildActionMask = 2147483647;
			files = (
			);
			runOnlyForDeploymentPostprocessing = 0;
		};
/* End PBXFrameworksBuildPhase section */

/* Begin PBXGroup section */
		05C5C0DAB2332734A3E71DF6 /* Frameworks */ = {
			isa = PBXGroup;
			children = (
				B507A0861CB235B00028504C /* MapKit.framework */,
				B57299901CC71376005DD8AF /* QuartzCore.framework */,
				B572998E1CC71361005DD8AF /* CoreGraphics.framework */,
				367C8085C15D0F6FC74D90F5 /* libPods.a */,
			);
			name = Frameworks;
			sourceTree = "<group>";
		};
		5192042FBE5F4A9505A06F9A /* Pods */ = {
			isa = PBXGroup;
			children = (
				98CC08E9C9D901F804C086B5 /* Pods.debug.xcconfig */,
				AADE5FFCE2AC4103F9227DED /* Pods.release.xcconfig */,
			);
			name = Pods;
			sourceTree = "<group>";
		};
		B5079FF61CB2287A0028504C = {
			isa = PBXGroup;
			children = (
				B507A0011CB2287A0028504C /* SafeNightOut */,
				B507A01E1CB2287B0028504C /* SafeNightOutTests */,
				B507A0291CB2287B0028504C /* SafeNightOutUITests */,
				B507A0001CB2287A0028504C /* Products */,
				5192042FBE5F4A9505A06F9A /* Pods */,
				05C5C0DAB2332734A3E71DF6 /* Frameworks */,
			);
			sourceTree = "<group>";
		};
		B507A0001CB2287A0028504C /* Products */ = {
			isa = PBXGroup;
			children = (
				B5079FFF1CB2287A0028504C /* SafeNightOut.app */,
				B507A01B1CB2287B0028504C /* SafeNightOutTests.xctest */,
				B507A0261CB2287B0028504C /* SafeNightOutUITests.xctest */,
			);
			name = Products;
			sourceTree = "<group>";
		};
		B507A0011CB2287A0028504C /* SafeNightOut */ = {
			isa = PBXGroup;
			children = (
				B507A0051CB2287A0028504C /* AppDelegate.h */,
				B507A0061CB2287A0028504C /* AppDelegate.m */,
				B5F4C64D1CDDC68000380972 /* ParallexAffect */,
				B507A06F1CB234640028504C /* AMSlideMenu */,
				B5F4C64E1CDDC6A900380972 /* HomeView */,
				B5F4C64F1CDDC71D00380972 /* PTVMapView */,
				B5F4C6511CDDC7A300380972 /* SafetyMapView */,
				B5F4C65B1CDE3AE200380972 /* BACView */,
				B507A0111CB2287A0028504C /* Assets.xcassets */,
				B507A00B1CB2287A0028504C /* Main.storyboard */,
				B507A0131CB2287A0028504C /* LaunchScreen.storyboard */,
				B507A0161CB2287A0028504C /* Info.plist */,
				B507A00E1CB2287A0028504C /* SafeNightOut.xcdatamodeld */,
				B507A0541CB22AF00028504C /* LocationSearchTableViewController.h */,
				B507A0551CB22AF00028504C /* LocationSearchTableViewController.m */,
				B507A0571CB22B280028504C /* AMSlideMenuWithoutStoryboard-Prefix.pch */,
				B507A0581CB22B480028504C /* CustomAnnotation.h */,
				B507A0591CB22B480028504C /* CustomAnnotation.m */,
				B507A05B1CB22B580028504C /* StopAnnotation.h */,
				B507A05C1CB22B580028504C /* StopAnnotation.m */,
				B507A0021CB2287A0028504C /* Supporting Files */,
			);
			path = SafeNightOut;
			sourceTree = "<group>";
		};
		B507A0021CB2287A0028504C /* Supporting Files */ = {
			isa = PBXGroup;
			children = (
				B507A0031CB2287A0028504C /* main.m */,
			);
			name = "Supporting Files";
			sourceTree = "<group>";
		};
		B507A01E1CB2287B0028504C /* SafeNightOutTests */ = {
			isa = PBXGroup;
			children = (
				B507A01F1CB2287B0028504C /* SafeNightOutTests.m */,
				B507A0211CB2287B0028504C /* Info.plist */,
			);
			path = SafeNightOutTests;
			sourceTree = "<group>";
		};
		B507A0291CB2287B0028504C /* SafeNightOutUITests */ = {
			isa = PBXGroup;
			children = (
				B507A02A1CB2287B0028504C /* SafeNightOutUITests.m */,
				B507A02C1CB2287B0028504C /* Info.plist */,
			);
			path = SafeNightOutUITests;
			sourceTree = "<group>";
		};
		B507A06F1CB234640028504C /* AMSlideMenu */ = {
			isa = PBXGroup;
			children = (
				B507A0701CB234B20028504C /* UIViewController+AMSlideMenu.m */,
				B507A0711CB234B20028504C /* UIViewController+AMSlideMenu.h */,
				B507A0721CB234B20028504C /* AMSlideMenuRightTableViewController.m */,
				B507A0731CB234B20028504C /* AMSlideMenuRightTableViewController.h */,
				B507A0741CB234B20028504C /* AMSlideMenuRightMenuSegue.m */,
				B507A0751CB234B20028504C /* AMSlideMenuRightMenuSegue.h */,
				B507A0761CB234B20028504C /* AMSlideMenuProtocols.h */,
				B507A0771CB234B20028504C /* AMSlideMenuMainViewController.m */,
				B507A0781CB234B20028504C /* AMSlideMenuMainViewController.h */,
				B507A0791CB234B20028504C /* AMSlideMenuLeftTableViewController.m */,
				B507A07A1CB234B20028504C /* AMSlideMenuLeftTableViewController.h */,
				B507A07B1CB234B20028504C /* AMSlideMenuLeftMenuSegue.m */,
				B507A07C1CB234B20028504C /* AMSlideMenuLeftMenuSegue.h */,
				B507A07D1CB234B20028504C /* AMSlideMenuContentSegue.m */,
				B507A07E1CB234B20028504C /* AMSlideMenuContentSegue.h */,
			);
			name = AMSlideMenu;
			sourceTree = "<group>";
		};
		B5F4C64D1CDDC68000380972 /* ParallexAffect */ = {
			isa = PBXGroup;
			children = (
				B5F4C6471CDDBCB600380972 /* ParallaxHeaderView.h */,
				B5F4C6481CDDBCB600380972 /* ParallaxHeaderView.m */,
				B5F4C64A1CDDBCF300380972 /* UIImage+ImageEffects.h */,
				B5F4C64B1CDDBCF300380972 /* UIImage+ImageEffects.m */,
			);
			name = ParallexAffect;
			sourceTree = "<group>";
		};
		B5F4C64E1CDDC6A900380972 /* HomeView */ = {
			isa = PBXGroup;
			children = (
				B543A9451CD8EB5A00C07BF0 /* HomeTableViewController.h */,
				B543A9461CD8EB5A00C07BF0 /* HomeTableViewController.m */,
				B50350601CD903920008B80B /* ArticleDetailViewController.h */,
				B50350611CD903920008B80B /* ArticleDetailViewController.m */,
				B503505D1CD8F86C0008B80B /* Article.h */,
				B503505E1CD8F86C0008B80B /* Article.m */,
			);
			name = HomeView;
			sourceTree = "<group>";
		};
		B5F4C64F1CDDC71D00380972 /* PTVMapView */ = {
			isa = PBXGroup;
			children = (
				B507A04B1CB229DC0028504C /* MapViewController.h */,
				B507A04C1CB229DC0028504C /* MapViewController.m */,
				B507A05E1CB22B680028504C /* PTVTableViewController.h */,
				B507A05F1CB22B680028504C /* PTVTableViewController.m */,
				B507A0B01CB4AAEE0028504C /* TimerViewController.h */,
				B507A0B11CB4AAEE0028504C /* TimerViewController.m */,
			);
			name = PTVMapView;
			sourceTree = "<group>";
		};
		B5F4C6511CDDC7A300380972 /* SafetyMapView */ = {
			isa = PBXGroup;
			children = (
				B57299531CC665B6005DD8AF /* SafetyMapViewController.h */,
				B57299541CC665B6005DD8AF /* SafetyMapViewController.m */,
				B507A04E1CB229E60028504C /* SafetyViewController.h */,
				B507A04F1CB229E60028504C /* SafetyViewController.m */,
				B5A2DA0F1CC50AE000E4E7FF /* SafetyDetailViewController.h */,
				B5A2DA101CC50AE000E4E7FF /* SafetyDetailViewController.m */,
				B572998B1CC684DA005DD8AF /* BarchartViewController.h */,
				B572998C1CC684DA005DD8AF /* BarchartViewController.m */,
				B57299941CC730BE005DD8AF /* TypeInfoViewController.h */,
				B57299951CC730BE005DD8AF /* TypeInfoViewController.m */,
			);
			name = SafetyMapView;
			sourceTree = "<group>";
		};
		B5F4C65B1CDE3AE200380972 /* BACView */ = {
			isa = PBXGroup;
			children = (
				B507A0511CB22ADC0028504C /* BACViewController.h */,
				B507A0521CB22ADC0028504C /* BACViewController.m */,
				B5F4C6541CDDCE6F00380972 /* ExpandingCell.h */,
				B5F4C6551CDDCE6F00380972 /* ExpandingCell.m */,
				B5F4C6521CDDC86000380972 /* ExpandindCell.xib */,
				B5F4C6571CDE340E00380972 /* ExpandindCell2.xib */,
				B5F4C6591CDE344800380972 /* ExpandindCell3.xib */,
				B51C825F1CED946E00729749 /* ExpandindCell4.xib */,
				B5F4C65C1CDE3B5700380972 /* ProfileViewController.h */,
				B5F4C65D1CDE3B5700380972 /* ProfileViewController.m */,
				B5F4C65F1CDEFEC800380972 /* TestResultViewController.h */,
				B5F4C6601CDEFEC800380972 /* TestResultViewController.m */,
			);
			name = BACView;
			sourceTree = "<group>";
		};
/* End PBXGroup section */

/* Begin PBXNativeTarget section */
		B5079FFE1CB2287A0028504C /* SafeNightOut */ = {
			isa = PBXNativeTarget;
			buildConfigurationList = B507A02F1CB2287B0028504C /* Build configuration list for PBXNativeTarget "SafeNightOut" */;
			buildPhases = (
				F4DDC395BE97BC2FB8131A70 /* Check Pods Manifest.lock */,
				B5079FFB1CB2287A0028504C /* Sources */,
				B5079FFC1CB2287A0028504C /* Frameworks */,
				B5079FFD1CB2287A0028504C /* Resources */,
				460860A3991C9D6941E3C513 /* Embed Pods Frameworks */,
				9477C01C7053E95B75AD490B /* Copy Pods Resources */,
			);
			buildRules = (
			);
			dependencies = (
			);
			name = SafeNightOut;
			productName = SafeNightOut;
			productReference = B5079FFF1CB2287A0028504C /* SafeNightOut.app */;
			productType = "com.apple.product-type.application";
		};
		B507A01A1CB2287B0028504C /* SafeNightOutTests */ = {
			isa = PBXNativeTarget;
			buildConfigurationList = B507A0321CB2287B0028504C /* Build configuration list for PBXNativeTarget "SafeNightOutTests" */;
			buildPhases = (
				B507A0171CB2287B0028504C /* Sources */,
				B507A0181CB2287B0028504C /* Frameworks */,
				B507A0191CB2287B0028504C /* Resources */,
			);
			buildRules = (
			);
			dependencies = (
				B507A01D1CB2287B0028504C /* PBXTargetDependency */,
			);
			name = SafeNightOutTests;
			productName = SafeNightOutTests;
			productReference = B507A01B1CB2287B0028504C /* SafeNightOutTests.xctest */;
			productType = "com.apple.product-type.bundle.unit-test";
		};
		B507A0251CB2287B0028504C /* SafeNightOutUITests */ = {
			isa = PBXNativeTarget;
			buildConfigurationList = B507A0351CB2287B0028504C /* Build configuration list for PBXNativeTarget "SafeNightOutUITests" */;
			buildPhases = (
				B507A0221CB2287B0028504C /* Sources */,
				B507A0231CB2287B0028504C /* Frameworks */,
				B507A0241CB2287B0028504C /* Resources */,
			);
			buildRules = (
			);
			dependencies = (
				B507A0281CB2287B0028504C /* PBXTargetDependency */,
			);
			name = SafeNightOutUITests;
			productName = SafeNightOutUITests;
			productReference = B507A0261CB2287B0028504C /* SafeNightOutUITests.xctest */;
			productType = "com.apple.product-type.bundle.ui-testing";
		};
/* End PBXNativeTarget section */

/* Begin PBXProject section */
		B5079FF71CB2287A0028504C /* Project object */ = {
			isa = PBXProject;
			attributes = {
				LastUpgradeCheck = 0730;
				ORGANIZATIONNAME = "Evan Yeung";
				TargetAttributes = {
					B5079FFE1CB2287A0028504C = {
						CreatedOnToolsVersion = 7.3;
						DevelopmentTeam = 24C74JST7F;
					};
					B507A01A1CB2287B0028504C = {
						CreatedOnToolsVersion = 7.3;
						TestTargetID = B5079FFE1CB2287A0028504C;
					};
					B507A0251CB2287B0028504C = {
						CreatedOnToolsVersion = 7.3;
						TestTargetID = B5079FFE1CB2287A0028504C;
					};
				};
			};
			buildConfigurationList = B5079FFA1CB2287A0028504C /* Build configuration list for PBXProject "SafeNightOut" */;
			compatibilityVersion = "Xcode 3.2";
			developmentRegion = English;
			hasScannedForEncodings = 0;
			knownRegions = (
				en,
				Base,
			);
			mainGroup = B5079FF61CB2287A0028504C;
			productRefGroup = B507A0001CB2287A0028504C /* Products */;
			projectDirPath = "";
			projectRoot = "";
			targets = (
				B5079FFE1CB2287A0028504C /* SafeNightOut */,
				B507A01A1CB2287B0028504C /* SafeNightOutTests */,
				B507A0251CB2287B0028504C /* SafeNightOutUITests */,
			);
		};
/* End PBXProject section */

/* Begin PBXResourcesBuildPhase section */
		B5079FFD1CB2287A0028504C /* Resources */ = {
			isa = PBXResourcesBuildPhase;
			buildActionMask = 2147483647;
			files = (
				B507A0151CB2287A0028504C /* LaunchScreen.storyboard in Resources */,
				B5F4C6581CDE340E00380972 /* ExpandindCell2.xib in Resources */,
				B5F4C6531CDDC86000380972 /* ExpandindCell.xib in Resources */,
				B5F4C65A1CDE344800380972 /* ExpandindCell3.xib in Resources */,
				B507A0121CB2287A0028504C /* Assets.xcassets in Resources */,
				B507A00D1CB2287A0028504C /* Main.storyboard in Resources */,
				B51C82601CED946E00729749 /* ExpandindCell4.xib in Resources */,
			);
			runOnlyForDeploymentPostprocessing = 0;
		};
		B507A0191CB2287B0028504C /* Resources */ = {
			isa = PBXResourcesBuildPhase;
			buildActionMask = 2147483647;
			files = (
			);
			runOnlyForDeploymentPostprocessing = 0;
		};
		B507A0241CB2287B0028504C /* Resources */ = {
			isa = PBXResourcesBuildPhase;
			buildActionMask = 2147483647;
			files = (
			);
			runOnlyForDeploymentPostprocessing = 0;
		};
/* End PBXResourcesBuildPhase section */

/* Begin PBXShellScriptBuildPhase section */
		460860A3991C9D6941E3C513 /* Embed Pods Frameworks */ = {
			isa = PBXShellScriptBuildPhase;
			buildActionMask = 2147483647;
			files = (
			);
			inputPaths = (
			);
			name = "Embed Pods Frameworks";
			outputPaths = (
			);
			runOnlyForDeploymentPostprocessing = 0;
			shellPath = /bin/sh;
			shellScript = "\"${SRCROOT}/Pods/Target Support Files/Pods/Pods-frameworks.sh\"\n";
			showEnvVarsInLog = 0;
		};
		9477C01C7053E95B75AD490B /* Copy Pods Resources */ = {
			isa = PBXShellScriptBuildPhase;
			buildActionMask = 2147483647;
			files = (
			);
			inputPaths = (
			);
			name = "Copy Pods Resources";
			outputPaths = (
			);
			runOnlyForDeploymentPostprocessing = 0;
			shellPath = /bin/sh;
			shellScript = "\"${SRCROOT}/Pods/Target Support Files/Pods/Pods-resources.sh\"\n";
			showEnvVarsInLog = 0;
		};
		F4DDC395BE97BC2FB8131A70 /* Check Pods Manifest.lock */ = {
			isa = PBXShellScriptBuildPhase;
			buildActionMask = 2147483647;
			files = (
			);
			inputPaths = (
			);
			name = "Check Pods Manifest.lock";
			outputPaths = (
			);
			runOnlyForDeploymentPostprocessing = 0;
			shellPath = /bin/sh;
			shellScript = "diff \"${PODS_ROOT}/../Podfile.lock\" \"${PODS_ROOT}/Manifest.lock\" > /dev/null\nif [[ $? != 0 ]] ; then\n    cat << EOM\nerror: The sandbox is not in sync with the Podfile.lock. Run 'pod install' or update your CocoaPods installation.\nEOM\n    exit 1\nfi\n";
			showEnvVarsInLog = 0;
		};
/* End PBXShellScriptBuildPhase section */

/* Begin PBXSourcesBuildPhase section */
		B5079FFB1CB2287A0028504C /* Sources */ = {
			isa = PBXSourcesBuildPhase;
			buildActionMask = 2147483647;
			files = (
				B5F4C6491CDDBCB600380972 /* ParallaxHeaderView.m in Sources */,
				B5F4C6611CDEFEC800380972 /* TestResultViewController.m in Sources */,
				B507A05A1CB22B480028504C /* CustomAnnotation.m in Sources */,
				B507A0501CB229E60028504C /* SafetyViewController.m in Sources */,
				B507A0071CB2287A0028504C /* AppDelegate.m in Sources */,
				B507A0101CB2287A0028504C /* SafeNightOut.xcdatamodeld in Sources */,
				B507A0821CB234B20028504C /* AMSlideMenuMainViewController.m in Sources */,
				B507A0831CB234B20028504C /* AMSlideMenuLeftTableViewController.m in Sources */,
				B507A0531CB22ADC0028504C /* BACViewController.m in Sources */,
				B507A0801CB234B20028504C /* AMSlideMenuRightTableViewController.m in Sources */,
				B57299961CC730BE005DD8AF /* TypeInfoViewController.m in Sources */,
				B572998D1CC684DA005DD8AF /* BarchartViewController.m in Sources */,
				B50350621CD903920008B80B /* ArticleDetailViewController.m in Sources */,
				B507A0561CB22AF00028504C /* LocationSearchTableViewController.m in Sources */,
				B507A04D1CB229DC0028504C /* MapViewController.m in Sources */,
				B543A9471CD8EB5A00C07BF0 /* HomeTableViewController.m in Sources */,
				B507A0811CB234B20028504C /* AMSlideMenuRightMenuSegue.m in Sources */,
				B5F4C6561CDDCE6F00380972 /* ExpandingCell.m in Sources */,
				B5F4C64C1CDDBCF300380972 /* UIImage+ImageEffects.m in Sources */,
				B507A0601CB22B680028504C /* PTVTableViewController.m in Sources */,
				B507A0B21CB4AAEE0028504C /* TimerViewController.m in Sources */,
				B5F4C65E1CDE3B5700380972 /* ProfileViewController.m in Sources */,
				B507A0851CB234B20028504C /* AMSlideMenuContentSegue.m in Sources */,
				B503505F1CD8F86C0008B80B /* Article.m in Sources */,
				B5A2DA111CC50AE000E4E7FF /* SafetyDetailViewController.m in Sources */,
				B507A0041CB2287A0028504C /* main.m in Sources */,
				B507A07F1CB234B20028504C /* UIViewController+AMSlideMenu.m in Sources */,
				B57299551CC665B6005DD8AF /* SafetyMapViewController.m in Sources */,
				B507A05D1CB22B580028504C /* StopAnnotation.m in Sources */,
				B507A0841CB234B20028504C /* AMSlideMenuLeftMenuSegue.m in Sources */,
			);
			runOnlyForDeploymentPostprocessing = 0;
		};
		B507A0171CB2287B0028504C /* Sources */ = {
			isa = PBXSourcesBuildPhase;
			buildActionMask = 2147483647;
			files = (
				B507A0201CB2287B0028504C /* SafeNightOutTests.m in Sources */,
			);
			runOnlyForDeploymentPostprocessing = 0;
		};
		B507A0221CB2287B0028504C /* Sources */ = {
			isa = PBXSourcesBuildPhase;
			buildActionMask = 2147483647;
			files = (
				B507A02B1CB2287B0028504C /* SafeNightOutUITests.m in Sources */,
			);
			runOnlyForDeploymentPostprocessing = 0;
		};
/* End PBXSourcesBuildPhase section */

/* Begin PBXTargetDependency section */
		B507A01D1CB2287B0028504C /* PBXTargetDependency */ = {
			isa = PBXTargetDependency;
			target = B5079FFE1CB2287A0028504C /* SafeNightOut */;
			targetProxy = B507A01C1CB2287B0028504C /* PBXContainerItemProxy */;
		};
		B507A0281CB2287B0028504C /* PBXTargetDependency */ = {
			isa = PBXTargetDependency;
			target = B5079FFE1CB2287A0028504C /* SafeNightOut */;
			targetProxy = B507A0271CB2287B0028504C /* PBXContainerItemProxy */;
		};
/* End PBXTargetDependency section */

/* Begin PBXVariantGroup section */
		B507A00B1CB2287A0028504C /* Main.storyboard */ = {
			isa = PBXVariantGroup;
			children = (
				B507A00C1CB2287A0028504C /* Base */,
			);
			name = Main.storyboard;
			sourceTree = "<group>";
		};
		B507A0131CB2287A0028504C /* LaunchScreen.storyboard */ = {
			isa = PBXVariantGroup;
			children = (
				B507A0141CB2287A0028504C /* Base */,
			);
			name = LaunchScreen.storyboard;
			sourceTree = "<group>";
		};
/* End PBXVariantGroup section */

/* Begin XCBuildConfiguration section */
		B507A02D1CB2287B0028504C /* Debug */ = {
			isa = XCBuildConfiguration;
			buildSettings = {
				ALWAYS_SEARCH_USER_PATHS = NO;
				CLANG_ANALYZER_NONNULL = YES;
				CLANG_CXX_LANGUAGE_STANDARD = "gnu++0x";
				CLANG_CXX_LIBRARY = "libc++";
				CLANG_ENABLE_MODULES = YES;
				CLANG_ENABLE_OBJC_ARC = YES;
				CLANG_WARN_BOOL_CONVERSION = YES;
				CLANG_WARN_CONSTANT_CONVERSION = YES;
				CLANG_WARN_DIRECT_OBJC_ISA_USAGE = YES_ERROR;
				CLANG_WARN_EMPTY_BODY = YES;
				CLANG_WARN_ENUM_CONVERSION = YES;
				CLANG_WARN_INT_CONVERSION = YES;
				CLANG_WARN_OBJC_ROOT_CLASS = YES_ERROR;
				CLANG_WARN_UNREACHABLE_CODE = YES;
				CLANG_WARN__DUPLICATE_METHOD_MATCH = YES;
				CODE_SIGN_IDENTITY = "iPhone Distribution: Xin Yang (QQEGXA5PPL)";
				"CODE_SIGN_IDENTITY[sdk=iphoneos*]" = "iPhone Distribution: Xin Yang (QQEGXA5PPL)";
				COPY_PHASE_STRIP = NO;
				DEBUG_INFORMATION_FORMAT = dwarf;
				ENABLE_STRICT_OBJC_MSGSEND = YES;
				ENABLE_TESTABILITY = YES;
				GCC_C_LANGUAGE_STANDARD = gnu99;
				GCC_DYNAMIC_NO_PIC = NO;
				GCC_NO_COMMON_BLOCKS = YES;
				GCC_OPTIMIZATION_LEVEL = 0;
				GCC_PREPROCESSOR_DEFINITIONS = (
					"DEBUG=1",
					"$(inherited)",
				);
				GCC_WARN_64_TO_32_BIT_CONVERSION = YES;
				GCC_WARN_ABOUT_RETURN_TYPE = YES_ERROR;
				GCC_WARN_UNDECLARED_SELECTOR = YES;
				GCC_WARN_UNINITIALIZED_AUTOS = YES_AGGRESSIVE;
				GCC_WARN_UNUSED_FUNCTION = YES;
				GCC_WARN_UNUSED_VARIABLE = YES;
				IPHONEOS_DEPLOYMENT_TARGET = 9.3;
				MTL_ENABLE_DEBUG_INFO = YES;
				ONLY_ACTIVE_ARCH = YES;
				SDKROOT = iphoneos;
			};
			name = Debug;
		};
		B507A02E1CB2287B0028504C /* Release */ = {
			isa = XCBuildConfiguration;
			buildSettings = {
				ALWAYS_SEARCH_USER_PATHS = NO;
				CLANG_ANALYZER_NONNULL = YES;
				CLANG_CXX_LANGUAGE_STANDARD = "gnu++0x";
				CLANG_CXX_LIBRARY = "libc++";
				CLANG_ENABLE_MODULES = YES;
				CLANG_ENABLE_OBJC_ARC = YES;
				CLANG_WARN_BOOL_CONVERSION = YES;
				CLANG_WARN_CONSTANT_CONVERSION = YES;
				CLANG_WARN_DIRECT_OBJC_ISA_USAGE = YES_ERROR;
				CLANG_WARN_EMPTY_BODY = YES;
				CLANG_WARN_ENUM_CONVERSION = YES;
				CLANG_WARN_INT_CONVERSION = YES;
				CLANG_WARN_OBJC_ROOT_CLASS = YES_ERROR;
				CLANG_WARN_UNREACHABLE_CODE = YES;
				CLANG_WARN__DUPLICATE_METHOD_MATCH = YES;
				CODE_SIGN_IDENTITY = "iPhone Distribution: Xin Yang (QQEGXA5PPL)";
				"CODE_SIGN_IDENTITY[sdk=iphoneos*]" = "iPhone Distribution: Xin Yang (QQEGXA5PPL)";
				COPY_PHASE_STRIP = NO;
				DEBUG_INFORMATION_FORMAT = "dwarf-with-dsym";
				ENABLE_NS_ASSERTIONS = NO;
				ENABLE_STRICT_OBJC_MSGSEND = YES;
				GCC_C_LANGUAGE_STANDARD = gnu99;
				GCC_NO_COMMON_BLOCKS = YES;
				GCC_WARN_64_TO_32_BIT_CONVERSION = YES;
				GCC_WARN_ABOUT_RETURN_TYPE = YES_ERROR;
				GCC_WARN_UNDECLARED_SELECTOR = YES;
				GCC_WARN_UNINITIALIZED_AUTOS = YES_AGGRESSIVE;
				GCC_WARN_UNUSED_FUNCTION = YES;
				GCC_WARN_UNUSED_VARIABLE = YES;
				IPHONEOS_DEPLOYMENT_TARGET = 9.3;
				MTL_ENABLE_DEBUG_INFO = NO;
				SDKROOT = iphoneos;
				VALIDATE_PRODUCT = YES;
			};
			name = Release;
		};
		B507A0301CB2287B0028504C /* Debug */ = {
			isa = XCBuildConfiguration;
			baseConfigurationReference = 98CC08E9C9D901F804C086B5 /* Pods.debug.xcconfig */;
			buildSettings = {
				ASSETCATALOG_COMPILER_APPICON_NAME = AppIcon;
				ASSETCATALOG_COMPILER_LAUNCHIMAGE_NAME = LaunchImage;
				CODE_SIGN_IDENTITY = "iPhone Developer";
				"CODE_SIGN_IDENTITY[sdk=iphoneos*]" = "iPhone Developer";
				DEVELOPMENT_TEAM = 24C74JST7F;
				INFOPLIST_FILE = SafeNightOut/Info.plist;
				IPHONEOS_DEPLOYMENT_TARGET = 8.0;
				LD_RUNPATH_SEARCH_PATHS = "$(inherited) @executable_path/Frameworks";
				PRODUCT_BUNDLE_IDENTIFIER = com.evan.safenightout;
				PRODUCT_NAME = "$(TARGET_NAME)";
				PROVISIONING_PROFILE = "";
			};
			name = Debug;
		};
		B507A0311CB2287B0028504C /* Release */ = {
			isa = XCBuildConfiguration;
			baseConfigurationReference = AADE5FFCE2AC4103F9227DED /* Pods.release.xcconfig */;
			buildSettings = {
				ASSETCATALOG_COMPILER_APPICON_NAME = AppIcon;
				ASSETCATALOG_COMPILER_LAUNCHIMAGE_NAME = LaunchImage;
				CODE_SIGN_IDENTITY = "iPhone Developer";
				"CODE_SIGN_IDENTITY[sdk=iphoneos*]" = "iPhone Developer";
				DEVELOPMENT_TEAM = 24C74JST7F;
				INFOPLIST_FILE = SafeNightOut/Info.plist;
				IPHONEOS_DEPLOYMENT_TARGET = 8.0;
				LD_RUNPATH_SEARCH_PATHS = "$(inherited) @executable_path/Frameworks";
				PRODUCT_BUNDLE_IDENTIFIER = com.evan.safenightout;
				PRODUCT_NAME = "$(TARGET_NAME)";
				PROVISIONING_PROFILE = "";
			};
			name = Release;
		};
		B507A0331CB2287B0028504C /* Debug */ = {
			isa = XCBuildConfiguration;
			buildSettings = {
				BUNDLE_LOADER = "$(TEST_HOST)";
				INFOPLIST_FILE = SafeNightOutTests/Info.plist;
				LD_RUNPATH_SEARCH_PATHS = "$(inherited) @executable_path/Frameworks @loader_path/Frameworks";
				PRODUCT_BUNDLE_IDENTIFIER = com.evan.test.SafeNightOutTests;
				PRODUCT_NAME = "$(TARGET_NAME)";
				TEST_HOST = "$(BUILT_PRODUCTS_DIR)/SafeNightOut.app/SafeNightOut";
			};
			name = Debug;
		};
		B507A0341CB2287B0028504C /* Release */ = {
			isa = XCBuildConfiguration;
			buildSettings = {
				BUNDLE_LOADER = "$(TEST_HOST)";
				INFOPLIST_FILE = SafeNightOutTests/Info.plist;
				LD_RUNPATH_SEARCH_PATHS = "$(inherited) @executable_path/Frameworks @loader_path/Frameworks";
				PRODUCT_BUNDLE_IDENTIFIER = com.evan.test.SafeNightOutTests;
				PRODUCT_NAME = "$(TARGET_NAME)";
				TEST_HOST = "$(BUILT_PRODUCTS_DIR)/SafeNightOut.app/SafeNightOut";
			};
			name = Release;
		};
		B507A0361CB2287B0028504C /* Debug */ = {
			isa = XCBuildConfiguration;
			buildSettings = {
				INFOPLIST_FILE = SafeNightOutUITests/Info.plist;
				LD_RUNPATH_SEARCH_PATHS = "$(inherited) @executable_path/Frameworks @loader_path/Frameworks";
				PRODUCT_BUNDLE_IDENTIFIER = com.evan.test.SafeNightOutUITests;
				PRODUCT_NAME = "$(TARGET_NAME)";
				TEST_TARGET_NAME = SafeNightOut;
			};
			name = Debug;
		};
		B507A0371CB2287B0028504C /* Release */ = {
			isa = XCBuildConfiguration;
			buildSettings = {
				INFOPLIST_FILE = SafeNightOutUITests/Info.plist;
				LD_RUNPATH_SEARCH_PATHS = "$(inherited) @executable_path/Frameworks @loader_path/Frameworks";
				PRODUCT_BUNDLE_IDENTIFIER = com.evan.test.SafeNightOutUITests;
				PRODUCT_NAME = "$(TARGET_NAME)";
				TEST_TARGET_NAME = SafeNightOut;
			};
			name = Release;
		};
/* End XCBuildConfiguration section */

/* Begin XCConfigurationList section */
		B5079FFA1CB2287A0028504C /* Build configuration list for PBXProject "SafeNightOut" */ = {
			isa = XCConfigurationList;
			buildConfigurations = (
				B507A02D1CB2287B0028504C /* Debug */,
				B507A02E1CB2287B0028504C /* Release */,
			);
			defaultConfigurationIsVisible = 0;
			defaultConfigurationName = Release;
		};
		B507A02F1CB2287B0028504C /* Build configuration list for PBXNativeTarget "SafeNightOut" */ = {
			isa = XCConfigurationList;
			buildConfigurations = (
				B507A0301CB2287B0028504C /* Debug */,
				B507A0311CB2287B0028504C /* Release */,
			);
			defaultConfigurationIsVisible = 0;
			defaultConfigurationName = Release;
		};
		B507A0321CB2287B0028504C /* Build configuration list for PBXNativeTarget "SafeNightOutTests" */ = {
			isa = XCConfigurationList;
			buildConfigurations = (
				B507A0331CB2287B0028504C /* Debug */,
				B507A0341CB2287B0028504C /* Release */,
			);
			defaultConfigurationIsVisible = 0;
			defaultConfigurationName = Release;
		};
		B507A0351CB2287B0028504C /* Build configuration list for PBXNativeTarget "SafeNightOutUITests" */ = {
			isa = XCConfigurationList;
			buildConfigurations = (
				B507A0361CB2287B0028504C /* Debug */,
				B507A0371CB2287B0028504C /* Release */,
			);
			defaultConfigurationIsVisible = 0;
			defaultConfigurationName = Release;
		};
/* End XCConfigurationList section */

/* Begin XCVersionGroup section */
		B507A00E1CB2287A0028504C /* SafeNightOut.xcdatamodeld */ = {
			isa = XCVersionGroup;
			children = (
				B507A00F1CB2287A0028504C /* SafeNightOut.xcdatamodel */,
			);
			currentVersion = B507A00F1CB2287A0028504C /* SafeNightOut.xcdatamodel */;
			path = SafeNightOut.xcdatamodeld;
			sourceTree = "<group>";
			versionGroupType = wrapper.xcdatamodel;
		};
/* End XCVersionGroup section */
	};
	rootObject = B5079FF71CB2287A0028504C /* Project object */;
}
